// !$*UTF8*$!
{
	archiveVersion = 1;
	classes = {
	};
	objectVersion = 50;
	objects = {

/* Begin PBXBuildFile section */
		B4D0B37A250D5C7800E8AF74 /* PrivateData.swift in Sources */ = {isa = PBXBuildFile; fileRef = B4D0B379250D5C7800E8AF74 /* PrivateData.swift */; };
		B4F31D2A250D54AB002C9D8F /* AppDelegate.swift in Sources */ = {isa = PBXBuildFile; fileRef = B4F31D29250D54AB002C9D8F /* AppDelegate.swift */; };
		B4F31D2C250D54AB002C9D8F /* SceneDelegate.swift in Sources */ = {isa = PBXBuildFile; fileRef = B4F31D2B250D54AB002C9D8F /* SceneDelegate.swift */; };
		B4F31D2E250D54AB002C9D8F /* ViewController.swift in Sources */ = {isa = PBXBuildFile; fileRef = B4F31D2D250D54AB002C9D8F /* ViewController.swift */; };
		B4F31D31250D54AB002C9D8F /* Main.storyboard in Resources */ = {isa = PBXBuildFile; fileRef = B4F31D2F250D54AB002C9D8F /* Main.storyboard */; };
		B4F31D33250D54AE002C9D8F /* Assets.xcassets in Resources */ = {isa = PBXBuildFile; fileRef = B4F31D32250D54AE002C9D8F /* Assets.xcassets */; };
		B4F31D36250D54AE002C9D8F /* LaunchScreen.storyboard in Resources */ = {isa = PBXBuildFile; fileRef = B4F31D34250D54AE002C9D8F /* LaunchScreen.storyboard */; };
		B4F31D3F250D57B2002C9D8F /* TweetSentimentClassifier.mlmodel in Sources */ = {isa = PBXBuildFile; fileRef = B4F31D3E250D57B2002C9D8F /* TweetSentimentClassifier.mlmodel */; };
		B4F31D65250D59BC002C9D8F /* SwifteriOS.framework in Frameworks */ = {isa = PBXBuildFile; fileRef = B4F31D5B250D5935002C9D8F /* SwifteriOS.framework */; };
		B4F31D66250D59BC002C9D8F /* SwifteriOS.framework in Embed Frameworks */ = {isa = PBXBuildFile; fileRef = B4F31D5B250D5935002C9D8F /* SwifteriOS.framework */; settings = {ATTRIBUTES = (CodeSignOnCopy, RemoveHeadersOnCopy, ); }; };
/* End PBXBuildFile section */

/* Begin PBXContainerItemProxy section */
		B4F31D5A250D5935002C9D8F /* PBXContainerItemProxy */ = {
			isa = PBXContainerItemProxy;
			containerPortal = B4F31D52250D5935002C9D8F /* Swifter.xcodeproj */;
			proxyType = 2;
			remoteGlobalIDString = 8B9F50EE1944A5AB00894629;
			remoteInfo = SwifteriOS;
		};
		B4F31D5C250D5935002C9D8F /* PBXContainerItemProxy */ = {
			isa = PBXContainerItemProxy;
			containerPortal = B4F31D52250D5935002C9D8F /* Swifter.xcodeproj */;
			proxyType = 2;
			remoteGlobalIDString = 8B9F51131944A61D00894629;
			remoteInfo = SwifterMac;
		};
		B4F31D5E250D5935002C9D8F /* PBXContainerItemProxy */ = {
			isa = PBXContainerItemProxy;
			containerPortal = B4F31D52250D5935002C9D8F /* Swifter.xcodeproj */;
			proxyType = 2;
			remoteGlobalIDString = 8B300C1F1944AA1A00993175;
			remoteInfo = SwifterDemoiOS;
		};
		B4F31D60250D5935002C9D8F /* PBXContainerItemProxy */ = {
			isa = PBXContainerItemProxy;
			containerPortal = B4F31D52250D5935002C9D8F /* Swifter.xcodeproj */;
			proxyType = 2;
			remoteGlobalIDString = 8B300C471944AECB00993175;
			remoteInfo = SwifterDemoMac;
		};
		B4F31D62250D5935002C9D8F /* PBXContainerItemProxy */ = {
			isa = PBXContainerItemProxy;
			containerPortal = B4F31D52250D5935002C9D8F /* Swifter.xcodeproj */;
			proxyType = 2;
			remoteGlobalIDString = F6B4D5751C7BAC4500E06514;
			remoteInfo = SwifterTests;
		};
/* End PBXContainerItemProxy section */

/* Begin PBXCopyFilesBuildPhase section */
		B4F31D67250D59BC002C9D8F /* Embed Frameworks */ = {
			isa = PBXCopyFilesBuildPhase;
			buildActionMask = 2147483647;
			dstPath = "";
			dstSubfolderSpec = 10;
			files = (
				B4F31D66250D59BC002C9D8F /* SwifteriOS.framework in Embed Frameworks */,
			);
			name = "Embed Frameworks";
			runOnlyForDeploymentPostprocessing = 0;
		};
/* End PBXCopyFilesBuildPhase section */

/* Begin PBXFileReference section */
		B4D0B379250D5C7800E8AF74 /* PrivateData.swift */ = {isa = PBXFileReference; lastKnownFileType = sourcecode.swift; path = PrivateData.swift; sourceTree = "<group>"; };
		B4F31D26250D54AB002C9D8F /* Twittermenti.app */ = {isa = PBXFileReference; explicitFileType = wrapper.application; includeInIndex = 0; path = Twittermenti.app; sourceTree = BUILT_PRODUCTS_DIR; };
		B4F31D29250D54AB002C9D8F /* AppDelegate.swift */ = {isa = PBXFileReference; lastKnownFileType = sourcecode.swift; path = AppDelegate.swift; sourceTree = "<group>"; };
		B4F31D2B250D54AB002C9D8F /* SceneDelegate.swift */ = {isa = PBXFileReference; lastKnownFileType = sourcecode.swift; path = SceneDelegate.swift; sourceTree = "<group>"; };
		B4F31D2D250D54AB002C9D8F /* ViewController.swift */ = {isa = PBXFileReference; lastKnownFileType = sourcecode.swift; path = ViewController.swift; sourceTree = "<group>"; };
		B4F31D30250D54AB002C9D8F /* Base */ = {isa = PBXFileReference; lastKnownFileType = file.storyboard; name = Base; path = Base.lproj/Main.storyboard; sourceTree = "<group>"; };
		B4F31D32250D54AE002C9D8F /* Assets.xcassets */ = {isa = PBXFileReference; lastKnownFileType = folder.assetcatalog; path = Assets.xcassets; sourceTree = "<group>"; };
		B4F31D35250D54AE002C9D8F /* Base */ = {isa = PBXFileReference; lastKnownFileType = file.storyboard; name = Base; path = Base.lproj/LaunchScreen.storyboard; sourceTree = "<group>"; };
		B4F31D37250D54AE002C9D8F /* Info.plist */ = {isa = PBXFileReference; lastKnownFileType = text.plist.xml; path = Info.plist; sourceTree = "<group>"; };
		B4F31D3D250D54BE002C9D8F /* README.md */ = {isa = PBXFileReference; lastKnownFileType = net.daringfireball.markdown; path = README.md; sourceTree = "<group>"; };
		B4F31D3E250D57B2002C9D8F /* TweetSentimentClassifier.mlmodel */ = {isa = PBXFileReference; lastKnownFileType = file.mlmodel; path = TweetSentimentClassifier.mlmodel; sourceTree = "<group>"; };
		B4F31D52250D5935002C9D8F /* Swifter.xcodeproj */ = {isa = PBXFileReference; lastKnownFileType = "wrapper.pb-project"; name = Swifter.xcodeproj; path = "../../../Downloads/Swifter-master/Swifter.xcodeproj"; sourceTree = "<group>"; };
/* End PBXFileReference section */

/* Begin PBXFrameworksBuildPhase section */
		B4F31D23250D54AB002C9D8F /* Frameworks */ = {
			isa = PBXFrameworksBuildPhase;
			buildActionMask = 2147483647;
			files = (
				B4F31D65250D59BC002C9D8F /* SwifteriOS.framework in Frameworks */,
			);
			runOnlyForDeploymentPostprocessing = 0;
		};
/* End PBXFrameworksBuildPhase section */

/* Begin PBXGroup section */
		B4F31D1D250D54AB002C9D8F = {
			isa = PBXGroup;
			children = (
				B4F31D52250D5935002C9D8F /* Swifter.xcodeproj */,
				B4F31D3D250D54BE002C9D8F /* README.md */,
				B4F31D28250D54AB002C9D8F /* Twittermenti */,
				B4F31D27250D54AB002C9D8F /* Products */,
				B4F31D64250D59BC002C9D8F /* Frameworks */,
			);
			sourceTree = "<group>";
		};
		B4F31D27250D54AB002C9D8F /* Products */ = {
			isa = PBXGroup;
			children = (
				B4F31D26250D54AB002C9D8F /* Twittermenti.app */,
			);
			name = Products;
			sourceTree = "<group>";
		};
		B4F31D28250D54AB002C9D8F /* Twittermenti */ = {
			isa = PBXGroup;
			children = (
				B4F31D29250D54AB002C9D8F /* AppDelegate.swift */,
				B4F31D2B250D54AB002C9D8F /* SceneDelegate.swift */,
				B4F31D2D250D54AB002C9D8F /* ViewController.swift */,
				B4F31D2F250D54AB002C9D8F /* Main.storyboard */,
				B4F31D32250D54AE002C9D8F /* Assets.xcassets */,
				B4F31D34250D54AE002C9D8F /* LaunchScreen.storyboard */,
				B4D0B379250D5C7800E8AF74 /* PrivateData.swift */,
				B4F31D3E250D57B2002C9D8F /* TweetSentimentClassifier.mlmodel */,
				B4F31D37250D54AE002C9D8F /* Info.plist */,
			);
			path = Twittermenti;
			sourceTree = "<group>";
		};
		B4F31D53250D5935002C9D8F /* Products */ = {
			isa = PBXGroup;
			children = (
				B4F31D5B250D5935002C9D8F /* SwifteriOS.framework */,
				B4F31D5D250D5935002C9D8F /* SwifterMac.framework */,
				B4F31D5F250D5935002C9D8F /* SwifterDemoiOS.app */,
				B4F31D61250D5935002C9D8F /* SwifterDemoMac.app */,
				B4F31D63250D5935002C9D8F /* SwifterTests.xctest */,
			);
			name = Products;
			sourceTree = "<group>";
		};
		B4F31D64250D59BC002C9D8F /* Frameworks */ = {
			isa = PBXGroup;
			children = (
			);
			name = Frameworks;
			sourceTree = "<group>";
		};
/* End PBXGroup section */

/* Begin PBXNativeTarget section */
		B4F31D25250D54AB002C9D8F /* Twittermenti */ = {
			isa = PBXNativeTarget;
			buildConfigurationList = B4F31D3A250D54AE002C9D8F /* Build configuration list for PBXNativeTarget "Twittermenti" */;
			buildPhases = (
				B4F31D22250D54AB002C9D8F /* Sources */,
				B4F31D23250D54AB002C9D8F /* Frameworks */,
				B4F31D24250D54AB002C9D8F /* Resources */,
				B4F31D67250D59BC002C9D8F /* Embed Frameworks */,
			);
			buildRules = (
			);
			dependencies = (
			);
			name = Twittermenti;
			productName = Twittermenti;
			productReference = B4F31D26250D54AB002C9D8F /* Twittermenti.app */;
			productType = "com.apple.product-type.application";
		};
/* End PBXNativeTarget section */

/* Begin PBXProject section */
		B4F31D1E250D54AB002C9D8F /* Project object */ = {
			isa = PBXProject;
			attributes = {
				LastSwiftUpdateCheck = 1170;
				LastUpgradeCheck = 1170;
				ORGANIZATIONNAME = "Nishant Taneja";
				TargetAttributes = {
					B4F31D25250D54AB002C9D8F = {
						CreatedOnToolsVersion = 11.7;
					};
				};
			};
			buildConfigurationList = B4F31D21250D54AB002C9D8F /* Build configuration list for PBXProject "Twittermenti" */;
			compatibilityVersion = "Xcode 9.3";
			developmentRegion = en;
			hasScannedForEncodings = 0;
			knownRegions = (
				en,
				Base,
			);
			mainGroup = B4F31D1D250D54AB002C9D8F;
			productRefGroup = B4F31D27250D54AB002C9D8F /* Products */;
			projectDirPath = "";
			projectReferences = (
				{
					ProductGroup = B4F31D53250D5935002C9D8F /* Products */;
					ProjectRef = B4F31D52250D5935002C9D8F /* Swifter.xcodeproj */;
				},
			);
			projectRoot = "";
			targets = (
				B4F31D25250D54AB002C9D8F /* Twittermenti */,
			);
		};
/* End PBXProject section */

/* Begin PBXReferenceProxy section */
		B4F31D5B250D5935002C9D8F /* SwifteriOS.framework */ = {
			isa = PBXReferenceProxy;
			fileType = wrapper.framework;
			path = SwifteriOS.framework;
			remoteRef = B4F31D5A250D5935002C9D8F /* PBXContainerItemProxy */;
			sourceTree = BUILT_PRODUCTS_DIR;
		};
		B4F31D5D250D5935002C9D8F /* SwifterMac.framework */ = {
			isa = PBXReferenceProxy;
			fileType = wrapper.framework;
			path = SwifterMac.framework;
			remoteRef = B4F31D5C250D5935002C9D8F /* PBXContainerItemProxy */;
			sourceTree = BUILT_PRODUCTS_DIR;
		};
		B4F31D5F250D5935002C9D8F /* SwifterDemoiOS.app */ = {
			isa = PBXReferenceProxy;
			fileType = wrapper.application;
			path = SwifterDemoiOS.app;
			remoteRef = B4F31D5E250D5935002C9D8F /* PBXContainerItemProxy */;
			sourceTree = BUILT_PRODUCTS_DIR;
		};
		B4F31D61250D5935002C9D8F /* SwifterDemoMac.app */ = {
			isa = PBXReferenceProxy;
			fileType = wrapper.application;
			path = SwifterDemoMac.app;
			remoteRef = B4F31D60250D5935002C9D8F /* PBXContainerItemProxy */;
			sourceTree = BUILT_PRODUCTS_DIR;
		};
		B4F31D63250D5935002C9D8F /* SwifterTests.xctest */ = {
			isa = PBXReferenceProxy;
			fileType = wrapper.cfbundle;
			path = SwifterTests.xctest;
			remoteRef = B4F31D62250D5935002C9D8F /* PBXContainerItemProxy */;
			sourceTree = BUILT_PRODUCTS_DIR;
		};
/* End PBXReferenceProxy section */

/* Begin PBXResourcesBuildPhase section */
		B4F31D24250D54AB002C9D8F /* Resources */ = {
			isa = PBXResourcesBuildPhase;
			buildActionMask = 2147483647;
			files = (
				B4F31D36250D54AE002C9D8F /* LaunchScreen.storyboard in Resources */,
				B4F31D33250D54AE002C9D8F /* Assets.xcassets in Resources */,
				B4F31D31250D54AB002C9D8F /* Main.storyboard in Resources */,
			);
			runOnlyForDeploymentPostprocessing = 0;
		};
/* End PBXResourcesBuildPhase section */

/* Begin PBXSourcesBuildPhase section */
		B4F31D22250D54AB002C9D8F /* Sources */ = {
			isa = PBXSourcesBuildPhase;
			buildActionMask = 2147483647;
			files = (
				B4D0B37A250D5C7800E8AF74 /* PrivateData.swift in Sources */,
				B4F31D2E250D54AB002C9D8F /* ViewController.swift in Sources */,
				B4F31D2A250D54AB002C9D8F /* AppDelegate.swift in Sources */,
				B4F31D3F250D57B2002C9D8F /* TweetSentimentClassifier.mlmodel in Sources */,
				B4F31D2C250D54AB002C9D8F /* SceneDelegate.swift in Sources */,
			);
			runOnlyForDeploymentPostprocessing = 0;
		};
/* End PBXSourcesBuildPhase section */

/* Begin PBXVariantGroup section */
		B4F31D2F250D54AB002C9D8F /* Main.storyboard */ = {
			isa = PBXVariantGroup;
			children = (
				B4F31D30250D54AB002C9D8F /* Base */,
			);
			name = Main.storyboard;
			sourceTree = "<group>";
		};
		B4F31D34250D54AE002C9D8F /* LaunchScreen.storyboard */ = {
			isa = PBXVariantGroup;
			children = (
				B4F31D35250D54AE002C9D8F /* Base */,
			);
			name = LaunchScreen.storyboard;
			sourceTree = "<group>";
		};
/* End PBXVariantGroup section */

/* Begin XCBuildConfiguration section */
		B4F31D38250D54AE002C9D8F /* Debug */ = {
			isa = XCBuildConfiguration;
			buildSettings = {
				ALWAYS_SEARCH_USER_PATHS = NO;
				CLANG_ANALYZER_NONNULL = YES;
				CLANG_ANALYZER_NUMBER_OBJECT_CONVERSION = YES_AGGRESSIVE;
				CLANG_CXX_LANGUAGE_STANDARD = "gnu++14";
				CLANG_CXX_LIBRARY = "libc++";
				CLANG_ENABLE_MODULES = YES;
				CLANG_ENABLE_OBJC_ARC = YES;
				CLANG_ENABLE_OBJC_WEAK = YES;
				CLANG_WARN_BLOCK_CAPTURE_AUTORELEASING = YES;
				CLANG_WARN_BOOL_CONVERSION = YES;
				CLANG_WARN_COMMA = YES;
				CLANG_WARN_CONSTANT_CONVERSION = YES;
				CLANG_WARN_DEPRECATED_OBJC_IMPLEMENTATIONS = YES;
				CLANG_WARN_DIRECT_OBJC_ISA_USAGE = YES_ERROR;
				CLANG_WARN_DOCUMENTATION_COMMENTS = YES;
				CLANG_WARN_EMPTY_BODY = YES;
				CLANG_WARN_ENUM_CONVERSION = YES;
				CLANG_WARN_INFINITE_RECURSION = YES;
				CLANG_WARN_INT_CONVERSION = YES;
				CLANG_WARN_NON_LITERAL_NULL_CONVERSION = YES;
				CLANG_WARN_OBJC_IMPLICIT_RETAIN_SELF = YES;
				CLANG_WARN_OBJC_LITERAL_CONVERSION = YES;
				CLANG_WARN_OBJC_ROOT_CLASS = YES_ERROR;
				CLANG_WARN_RANGE_LOOP_ANALYSIS = YES;
				CLANG_WARN_STRICT_PROTOTYPES = YES;
				CLANG_WARN_SUSPICIOUS_MOVE = YES;
				CLANG_WARN_UNGUARDED_AVAILABILITY = YES_AGGRESSIVE;
				CLANG_WARN_UNREACHABLE_CODE = YES;
				CLANG_WARN__DUPLICATE_METHOD_MATCH = YES;
				COPY_PHASE_STRIP = NO;
				DEBUG_INFORMATION_FORMAT = dwarf;
				ENABLE_STRICT_OBJC_MSGSEND = YES;
				ENABLE_TESTABILITY = YES;
				GCC_C_LANGUAGE_STANDARD = gnu11;
				GCC_DYNAMIC_NO_PIC = NO;
				GCC_NO_COMMON_BLOCKS = YES;
				GCC_OPTIMIZATION_LEVEL = 0;
				GCC_PREPROCESSOR_DEFINITIONS = (
					"DEBUG=1",
					"$(inherited)",
				);
				GCC_WARN_64_TO_32_BIT_CONVERSION = YES;
				GCC_WARN_ABOUT_RETURN_TYPE = YES_ERROR;
				GCC_WARN_UNDECLARED_SELECTOR = YES;
				GCC_WARN_UNINITIALIZED_AUTOS = YES_AGGRESSIVE;
				GCC_WARN_UNUSED_FUNCTION = YES;
				GCC_WARN_UNUSED_VARIABLE = YES;
				IPHONEOS_DEPLOYMENT_TARGET = 13.7;
				MTL_ENABLE_DEBUG_INFO = INCLUDE_SOURCE;
				MTL_FAST_MATH = YES;
				ONLY_ACTIVE_ARCH = YES;
				SDKROOT = iphoneos;
				SWIFT_ACTIVE_COMPILATION_CONDITIONS = DEBUG;
				SWIFT_OPTIMIZATION_LEVEL = "-Onone";
			};
			name = Debug;
		};
		B4F31D39250D54AE002C9D8F /* Release */ = {
			isa = XCBuildConfiguration;
			buildSettings = {
				ALWAYS_SEARCH_USER_PATHS = NO;
				CLANG_ANALYZER_NONNULL = YES;
				CLANG_ANALYZER_NUMBER_OBJECT_CONVERSION = YES_AGGRESSIVE;
				CLANG_CXX_LANGUAGE_STANDARD = "gnu++14";
				CLANG_CXX_LIBRARY = "libc++";
				CLANG_ENABLE_MODULES = YES;
				CLANG_ENABLE_OBJC_ARC = YES;
				CLANG_ENABLE_OBJC_WEAK = YES;
				CLANG_WARN_BLOCK_CAPTURE_AUTORELEASING = YES;
				CLANG_WARN_BOOL_CONVERSION = YES;
				CLANG_WARN_COMMA = YES;
				CLANG_WARN_CONSTANT_CONVERSION = YES;
				CLANG_WARN_DEPRECATED_OBJC_IMPLEMENTATIONS = YES;
				CLANG_WARN_DIRECT_OBJC_ISA_USAGE = YES_ERROR;
				CLANG_WARN_DOCUMENTATION_COMMENTS = YES;
				CLANG_WARN_EMPTY_BODY = YES;
				CLANG_WARN_ENUM_CONVERSION = YES;
				CLANG_WARN_INFINITE_RECURSION = YES;
				CLANG_WARN_INT_CONVERSION = YES;
				CLANG_WARN_NON_LITERAL_NULL_CONVERSION = YES;
				CLANG_WARN_OBJC_IMPLICIT_RETAIN_SELF = YES;
				CLANG_WARN_OBJC_LITERAL_CONVERSION = YES;
				CLANG_WARN_OBJC_ROOT_CLASS = YES_ERROR;
				CLANG_WARN_RANGE_LOOP_ANALYSIS = YES;
				CLANG_WARN_STRICT_PROTOTYPES = YES;
				CLANG_WARN_SUSPICIOUS_MOVE = YES;
				CLANG_WARN_UNGUARDED_AVAILABILITY = YES_AGGRESSIVE;
				CLANG_WARN_UNREACHABLE_CODE = YES;
				CLANG_WARN__DUPLICATE_METHOD_MATCH = YES;
				COPY_PHASE_STRIP = NO;
				DEBUG_INFORMATION_FORMAT = "dwarf-with-dsym";
				ENABLE_NS_ASSERTIONS = NO;
				ENABLE_STRICT_OBJC_MSGSEND = YES;
				GCC_C_LANGUAGE_STANDARD = gnu11;
				GCC_NO_COMMON_BLOCKS = YES;
				GCC_WARN_64_TO_32_BIT_CONVERSION = YES;
				GCC_WARN_ABOUT_RETURN_TYPE = YES_ERROR;
				GCC_WARN_UNDECLARED_SELECTOR = YES;
				GCC_WARN_UNINITIALIZED_AUTOS = YES_AGGRESSIVE;
				GCC_WARN_UNUSED_FUNCTION = YES;
				GCC_WARN_UNUSED_VARIABLE = YES;
				IPHONEOS_DEPLOYMENT_TARGET = 13.7;
				MTL_ENABLE_DEBUG_INFO = NO;
				MTL_FAST_MATH = YES;
				SDKROOT = iphoneos;
				SWIFT_COMPILATION_MODE = wholemodule;
				SWIFT_OPTIMIZATION_LEVEL = "-O";
				VALIDATE_PRODUCT = YES;
			};
			name = Release;
		};
		B4F31D3B250D54AE002C9D8F /* Debug */ = {
			isa = XCBuildConfiguration;
			buildSettings = {
				ASSETCATALOG_COMPILER_APPICON_NAME = AppIcon;
				CODE_SIGN_STYLE = Automatic;
				DEVELOPMENT_TEAM = 658S3P2LKT;
				INFOPLIST_FILE = Twittermenti/Info.plist;
				LD_RUNPATH_SEARCH_PATHS = (
					"$(inherited)",
					"@executable_path/Frameworks",
				);
				PRODUCT_BUNDLE_IDENTIFIER = com.nishanttaneja.Twittermenti;
				PRODUCT_NAME = "$(TARGET_NAME)";
				SWIFT_VERSION = 5.0;
				TARGETED_DEVICE_FAMILY = 1;
			};
			name = Debug;
		};
		B4F31D3C250D54AE002C9D8F /* Release */ = {
			isa = XCBuildConfiguration;
			buildSettings = {
				ASSETCATALOG_COMPILER_APPICON_NAME = AppIcon;
				CODE_SIGN_STYLE = Automatic;
				DEVELOPMENT_TEAM = 658S3P2LKT;
				INFOPLIST_FILE = Twittermenti/Info.plist;
				LD_RUNPATH_SEARCH_PATHS = (
					"$(inherited)",
					"@executable_path/Frameworks",
				);
				PRODUCT_BUNDLE_IDENTIFIER = com.nishanttaneja.Twittermenti;
				PRODUCT_NAME = "$(TARGET_NAME)";
				SWIFT_VERSION = 5.0;
				TARGETED_DEVICE_FAMILY = 1;
			};
			name = Release;
		};
/* End XCBuildConfiguration section */

/* Begin XCConfigurationList section */
		B4F31D21250D54AB002C9D8F /* Build configuration list for PBXProject "Twittermenti" */ = {
			isa = XCConfigurationList;
			buildConfigurations = (
				B4F31D38250D54AE002C9D8F /* Debug */,
				B4F31D39250D54AE002C9D8F /* Release */,
			);
			defaultConfigurationIsVisible = 0;
			defaultConfigurationName = Release;
		};
		B4F31D3A250D54AE002C9D8F /* Build configuration list for PBXNativeTarget "Twittermenti" */ = {
			isa = XCConfigurationList;
			buildConfigurations = (
				B4F31D3B250D54AE002C9D8F /* Debug */,
				B4F31D3C250D54AE002C9D8F /* Release */,
			);
			defaultConfigurationIsVisible = 0;
			defaultConfigurationName = Release;
		};
/* End XCConfigurationList section */
	};
	rootObject = B4F31D1E250D54AB002C9D8F /* Project object */;
}
